
Microsoft Visual Studio Solution File, Format Version 12.00
# Visual Studio Version 17
VisualStudioVersion = 17.12.35527.113
MinimumVisualStudioVersion = 10.0.40219.1
Project("{FAE04EC0-301F-11D3-BF4B-00C04F79EFBC}") = "MENU", "MENU\MENU.csproj", "{B3DE5A83-0150-40AA-82A1-12F44A0C06E4}"
EndProject
Project("{FAE04EC0-301F-11D3-BF4B-00C04F79EFBC}") = "MenuPlanner.Core", "MenuPlanner.Core\MenuPlanner.Core.csproj", "{464E3F77-0621-4AD2-A43F-55FB9D853E07}"
EndProject
Global
	GlobalSection(SolutionConfigurationPlatforms) = preSolution
		Debug|Any CPU = Debug|Any CPU
		Release|Any CPU = Release|Any CPU
	EndGlobalSection
	GlobalSection(ProjectConfigurationPlatforms) = postSolution
		{B3DE5A83-0150-40AA-82A1-12F44A0C06E4}.Debug|Any CPU.ActiveCfg = Debug|Any CPU
		{B3DE5A83-0150-40AA-82A1-12F44A0C06E4}.Debug|Any CPU.Build.0 = Debug|Any CPU
		{B3DE5A83-0150-40AA-82A1-12F44A0C06E4}.Release|Any CPU.ActiveCfg = Release|Any CPU
		{B3DE5A83-0150-40AA-82A1-12F44A0C06E4}.Release|Any CPU.Build.0 = Release|Any CPU
		{464E3F77-0621-4AD2-A43F-55FB9D853E07}.Debug|Any CPU.ActiveCfg = Debug|Any CPU
		{464E3F77-0621-4AD2-A43F-55FB9D853E07}.Debug|Any CPU.Build.0 = Debug|Any CPU
		{464E3F77-0621-4AD2-A43F-55FB9D853E07}.Release|Any CPU.ActiveCfg = Release|Any CPU
		{464E3F77-0621-4AD2-A43F-55FB9D853E07}.Release|Any CPU.Build.0 = Release|Any CPU
	EndGlobalSection
	GlobalSection(SolutionProperties) = preSolution
		HideSolutionNode = FALSE
	EndGlobalSection
EndGlobal
